// !$*UTF8*$!
{
	archiveVersion = 1;
	classes = {
	};
	objectVersion = 48;
	objects = {

/* Begin PBXBuildFile section */
		1C23B7C1204402BC00B14977 /* AppDelegate.m in Sources */ = {isa = PBXBuildFile; fileRef = 1C23B7C0204402BC00B14977 /* AppDelegate.m */; };
		1C23B7C4204402BC00B14977 /* ViewController.m in Sources */ = {isa = PBXBuildFile; fileRef = 1C23B7C3204402BC00B14977 /* ViewController.m */; };
		1C23B7C7204402BC00B14977 /* Main.storyboard in Resources */ = {isa = PBXBuildFile; fileRef = 1C23B7C5204402BC00B14977 /* Main.storyboard */; };
		1C23B7C9204402BC00B14977 /* Assets.xcassets in Resources */ = {isa = PBXBuildFile; fileRef = 1C23B7C8204402BC00B14977 /* Assets.xcassets */; };
		1C23B7CC204402BC00B14977 /* LaunchScreen.storyboard in Resources */ = {isa = PBXBuildFile; fileRef = 1C23B7CA204402BC00B14977 /* LaunchScreen.storyboard */; };
		1C23B7CF204402BC00B14977 /* main.m in Sources */ = {isa = PBXBuildFile; fileRef = 1C23B7CE204402BC00B14977 /* main.m */; };
		1CDBD5FB20465BCE00BD4457 /* person.m in Sources */ = {isa = PBXBuildFile; fileRef = 1CDBD5FA20465BCE00BD4457 /* person.m */; };
		1CDBD5FE20465C0B00BD4457 /* NSObject+CM_KVO.m in Sources */ = {isa = PBXBuildFile; fileRef = 1CDBD5FD20465C0B00BD4457 /* NSObject+CM_KVO.m */; };
/* End PBXBuildFile section */

/* Begin PBXFileReference section */
		1C23B7BC204402BC00B14977 /* KVODemo.app */ = {isa = PBXFileReference; explicitFileType = wrapper.application; includeInIndex = 0; path = KVODemo.app; sourceTree = BUILT_PRODUCTS_DIR; };
		1C23B7BF204402BC00B14977 /* AppDelegate.h */ = {isa = PBXFileReference; lastKnownFileType = sourcecode.c.h; path = AppDelegate.h; sourceTree = "<group>"; };
		1C23B7C0204402BC00B14977 /* AppDelegate.m */ = {isa = PBXFileReference; lastKnownFileType = sourcecode.c.objc; path = AppDelegate.m; sourceTree = "<group>"; };
		1C23B7C2204402BC00B14977 /* ViewController.h */ = {isa = PBXFileReference; lastKnownFileType = sourcecode.c.h; path = ViewController.h; sourceTree = "<group>"; };
		1C23B7C3204402BC00B14977 /* ViewController.m */ = {isa = PBXFileReference; lastKnownFileType = sourcecode.c.objc; path = ViewController.m; sourceTree = "<group>"; };
		1C23B7C6204402BC00B14977 /* Base */ = {isa = PBXFileReference; lastKnownFileType = file.storyboard; name = Base; path = Base.lproj/Main.storyboard; sourceTree = "<group>"; };
		1C23B7C8204402BC00B14977 /* Assets.xcassets */ = {isa = PBXFileReference; lastKnownFileType = folder.assetcatalog; path = Assets.xcassets; sourceTree = "<group>"; };
		1C23B7CB204402BC00B14977 /* Base */ = {isa = PBXFileReference; lastKnownFileType = file.storyboard; name = Base; path = Base.lproj/LaunchScreen.storyboard; sourceTree = "<group>"; };
		1C23B7CD204402BC00B14977 /* Info.plist */ = {isa = PBXFileReference; lastKnownFileType = text.plist.xml; path = Info.plist; sourceTree = "<group>"; };
		1C23B7CE204402BC00B14977 /* main.m */ = {isa = PBXFileReference; lastKnownFileType = sourcecode.c.objc; path = main.m; sourceTree = "<group>"; };
		1C23B7D8204402BC00B14977 /* KVODemoTests.m */ = {isa = PBXFileReference; lastKnownFileType = sourcecode.c.objc; path = KVODemoTests.m; sourceTree = "<group>"; };
		1C23B7DA204402BC00B14977 /* Info.plist */ = {isa = PBXFileReference; lastKnownFileType = text.plist.xml; path = Info.plist; sourceTree = "<group>"; };
		1C23B7E3204402BC00B14977 /* KVODemoUITests.m */ = {isa = PBXFileReference; lastKnownFileType = sourcecode.c.objc; path = KVODemoUITests.m; sourceTree = "<group>"; };
		1C23B7E5204402BC00B14977 /* Info.plist */ = {isa = PBXFileReference; lastKnownFileType = text.plist.xml; path = Info.plist; sourceTree = "<group>"; };
		1CDBD5F920465BCE00BD4457 /* person.h */ = {isa = PBXFileReference; lastKnownFileType = sourcecode.c.h; path = person.h; sourceTree = "<group>"; };
		1CDBD5FA20465BCE00BD4457 /* person.m */ = {isa = PBXFileReference; lastKnownFileType = sourcecode.c.objc; path = person.m; sourceTree = "<group>"; };
		1CDBD5FC20465C0B00BD4457 /* NSObject+CM_KVO.h */ = {isa = PBXFileReference; lastKnownFileType = sourcecode.c.h; path = "NSObject+CM_KVO.h"; sourceTree = "<group>"; };
		1CDBD5FD20465C0B00BD4457 /* NSObject+CM_KVO.m */ = {isa = PBXFileReference; lastKnownFileType = sourcecode.c.objc; path = "NSObject+CM_KVO.m"; sourceTree = "<group>"; };
/* End PBXFileReference section */

/* Begin PBXFrameworksBuildPhase section */
		1C23B7B9204402BC00B14977 /* Frameworks */ = {
			isa = PBXFrameworksBuildPhase;
			buildActionMask = 2147483647;
			files = (
			);
			runOnlyForDeploymentPostprocessing = 0;
		};
/* End PBXFrameworksBuildPhase section */

/* Begin PBXGroup section */
		1C23B7B3204402BC00B14977 = {
			isa = PBXGroup;
			children = (
				1C23B7BE204402BC00B14977 /* KVODemo */,
				1C23B7D7204402BC00B14977 /* KVODemoTests */,
				1C23B7E2204402BC00B14977 /* KVODemoUITests */,
				1C23B7BD204402BC00B14977 /* Products */,
			);
			sourceTree = "<group>";
		};
		1C23B7BD204402BC00B14977 /* Products */ = {
			isa = PBXGroup;
			children = (
				1C23B7BC204402BC00B14977 /* KVODemo.app */,
			);
			name = Products;
			sourceTree = "<group>";
		};
		1C23B7BE204402BC00B14977 /* KVODemo */ = {
			isa = PBXGroup;
			children = (
				1C23B7BF204402BC00B14977 /* AppDelegate.h */,
				1C23B7C0204402BC00B14977 /* AppDelegate.m */,
				1C23B7C2204402BC00B14977 /* ViewController.h */,
				1C23B7C3204402BC00B14977 /* ViewController.m */,
				1CDBD5FC20465C0B00BD4457 /* NSObject+CM_KVO.h */,
				1CDBD5FD20465C0B00BD4457 /* NSObject+CM_KVO.m */,
				1CDBD5F920465BCE00BD4457 /* person.h */,
				1CDBD5FA20465BCE00BD4457 /* person.m */,
				1C23B7C5204402BC00B14977 /* Main.storyboard */,
				1C23B7C8204402BC00B14977 /* Assets.xcassets */,
				1C23B7CA204402BC00B14977 /* LaunchScreen.storyboard */,
				1C23B7CD204402BC00B14977 /* Info.plist */,
				1C23B7CE204402BC00B14977 /* main.m */,
			);
			path = KVODemo;
			sourceTree = "<group>";
		};
		1C23B7D7204402BC00B14977 /* KVODemoTests */ = {
			isa = PBXGroup;
			children = (
				1C23B7D8204402BC00B14977 /* KVODemoTests.m */,
				1C23B7DA204402BC00B14977 /* Info.plist */,
			);
			path = KVODemoTests;
			sourceTree = "<group>";
		};
		1C23B7E2204402BC00B14977 /* KVODemoUITests */ = {
			isa = PBXGroup;
			children = (
				1C23B7E3204402BC00B14977 /* KVODemoUITests.m */,
				1C23B7E5204402BC00B14977 /* Info.plist */,
			);
			path = KVODemoUITests;
			sourceTree = "<group>";
		};
/* End PBXGroup section */

/* Begin PBXNativeTarget section */
		1C23B7BB204402BC00B14977 /* KVODemo */ = {
			isa = PBXNativeTarget;
			buildConfigurationList = 1C23B7E8204402BC00B14977 /* Build configuration list for PBXNativeTarget "KVODemo" */;
			buildPhases = (
				1C23B7B8204402BC00B14977 /* Sources */,
				1C23B7B9204402BC00B14977 /* Frameworks */,
				1C23B7BA204402BC00B14977 /* Resources */,
			);
			buildRules = (
			);
			dependencies = (
			);
			name = KVODemo;
			productName = KVODemo;
			productReference = 1C23B7BC204402BC00B14977 /* KVODemo.app */;
			productType = "com.apple.product-type.application";
		};
/* End PBXNativeTarget section */

/* Begin PBXProject section */
		1C23B7B4204402BC00B14977 /* Project object */ = {
			isa = PBXProject;
			attributes = {
				LastUpgradeCheck = 0920;
				ORGANIZATIONNAME = "兰州北科维拓科技股份有限公司";
				TargetAttributes = {
					1C23B7BB204402BC00B14977 = {
						CreatedOnToolsVersion = 9.2;
						ProvisioningStyle = Automatic;
					};
				};
			};
			buildConfigurationList = 1C23B7B7204402BC00B14977 /* Build configuration list for PBXProject "KVODemo" */;
			compatibilityVersion = "Xcode 8.0";
			developmentRegion = en;
			hasScannedForEncodings = 0;
			knownRegions = (
				en,
				Base,
			);
			mainGroup = 1C23B7B3204402BC00B14977;
			productRefGroup = 1C23B7BD204402BC00B14977 /* Products */;
			projectDirPath = "";
			projectRoot = "";
			targets = (
				1C23B7BB204402BC00B14977 /* KVODemo */,
			);
		};
/* End PBXProject section */

/* Begin PBXResourcesBuildPhase section */
		1C23B7BA204402BC00B14977 /* Resources */ = {
			isa = PBXResourcesBuildPhase;
			buildActionMask = 2147483647;
			files = (
				1C23B7CC204402BC00B14977 /* LaunchScreen.storyboard in Resources */,
				1C23B7C9204402BC00B14977 /* Assets.xcassets in Resources */,
				1C23B7C7204402BC00B14977 /* Main.storyboard in Resources */,
			);
			runOnlyForDeploymentPostprocessing = 0;
		};
/* End PBXResourcesBuildPhase section */

/* Begin PBXSourcesBuildPhase section */
		1C23B7B8204402BC00B14977 /* Sources */ = {
			isa = PBXSourcesBuildPhase;
			buildActionMask = 2147483647;
			files = (
				1C23B7C4204402BC00B14977 /* ViewController.m in Sources */,
				1CDBD5FE20465C0B00BD4457 /* NSObject+CM_KVO.m in Sources */,
				1C23B7CF204402BC00B14977 /* main.m in Sources */,
				1CDBD5FB20465BCE00BD4457 /* person.m in Sources */,
				1C23B7C1204402BC00B14977 /* AppDelegate.m in Sources */,
			);
			runOnlyForDeploymentPostprocessing = 0;
		};
/* End PBXSourcesBuildPhase section */

/* Begin PBXVariantGroup section */
		1C23B7C5204402BC00B14977 /* Main.storyboard */ = {
			isa = PBXVariantGroup;
			children = (
				1C23B7C6204402BC00B14977 /* Base */,
			);
			name = Main.storyboard;
			sourceTree = "<group>";
		};
		1C23B7CA204402BC00B14977 /* LaunchScreen.storyboard */ = {
			isa = PBXVariantGroup;
			children = (
				1C23B7CB204402BC00B14977 /* Base */,
			);
			name = LaunchScreen.storyboard;
			sourceTree = "<group>";
		};
/* End PBXVariantGroup section */

/* Begin XCBuildConfiguration section */
		1C23B7E6204402BC00B14977 /* Debug */ = {
			isa = XCBuildConfiguration;
			buildSettings = {
				ALWAYS_SEARCH_USER_PATHS = NO;
				CLANG_ANALYZER_NONNULL = YES;
				CLANG_ANALYZER_NUMBER_OBJECT_CONVERSION = YES_AGGRESSIVE;
				CLANG_CXX_LANGUAGE_STANDARD = "gnu++14";
				CLANG_CXX_LIBRARY = "libc++";
				CLANG_ENABLE_MODULES = YES;
				CLANG_ENABLE_OBJC_ARC = YES;
				CLANG_WARN_BLOCK_CAPTURE_AUTORELEASING = YES;
				CLANG_WARN_BOOL_CONVERSION = YES;
				CLANG_WARN_COMMA = YES;
				CLANG_WARN_CONSTANT_CONVERSION = YES;
				CLANG_WARN_DIRECT_OBJC_ISA_USAGE = YES_ERROR;
				CLANG_WARN_DOCUMENTATION_COMMENTS = YES;
				CLANG_WARN_EMPTY_BODY = YES;
				CLANG_WARN_ENUM_CONVERSION = YES;
				CLANG_WARN_INFINITE_RECURSION = YES;
				CLANG_WARN_INT_CONVERSION = YES;
				CLANG_WARN_NON_LITERAL_NULL_CONVERSION = YES;
				CLANG_WARN_OBJC_LITERAL_CONVERSION = YES;
				CLANG_WARN_OBJC_ROOT_CLASS = YES_ERROR;
				CLANG_WARN_RANGE_LOOP_ANALYSIS = YES;
				CLANG_WARN_STRICT_PROTOTYPES = YES;
				CLANG_WARN_SUSPICIOUS_MOVE = YES;
				CLANG_WARN_UNGUARDED_AVAILABILITY = YES_AGGRESSIVE;
				CLANG_WARN_UNREACHABLE_CODE = YES;
				CLANG_WARN__DUPLICATE_METHOD_MATCH = YES;
				CODE_SIGN_IDENTITY = "iPhone Developer";
				COPY_PHASE_STRIP = NO;
				DEBUG_INFORMATION_FORMAT = dwarf;
				ENABLE_STRICT_OBJC_MSGSEND = YES;
				ENABLE_TESTABILITY = YES;
				GCC_C_LANGUAGE_STANDARD = gnu11;
				GCC_DYNAMIC_NO_PIC = NO;
				GCC_NO_COMMON_BLOCKS = YES;
				GCC_OPTIMIZATION_LEVEL = 0;
				GCC_PREPROCESSOR_DEFINITIONS = (
					"DEBUG=1",
					"$(inherited)",
				);
				GCC_WARN_64_TO_32_BIT_CONVERSION = YES;
				GCC_WARN_ABOUT_RETURN_TYPE = YES_ERROR;
				GCC_WARN_UNDECLARED_SELECTOR = YES;
				GCC_WARN_UNINITIALIZED_AUTOS = YES_AGGRESSIVE;
				GCC_WARN_UNUSED_FUNCTION = YES;
				GCC_WARN_UNUSED_VARIABLE = YES;
				IPHONEOS_DEPLOYMENT_TARGET = 11.2;
				MTL_ENABLE_DEBUG_INFO = YES;
				ONLY_ACTIVE_ARCH = YES;
				SDKROOT = iphoneos;
			};
			name = Debug;
		};
		1C23B7E7204402BC00B14977 /* Release */ = {
			isa = XCBuildConfiguration;
			buildSettings = {
				ALWAYS_SEARCH_USER_PATHS = NO;
				CLANG_ANALYZER_NONNULL = YES;
				CLANG_ANALYZER_NUMBER_OBJECT_CONVERSION = YES_AGGRESSIVE;
				CLANG_CXX_LANGUAGE_STANDARD = "gnu++14";
				CLANG_CXX_LIBRARY = "libc++";
				CLANG_ENABLE_MODULES = YES;
				CLANG_ENABLE_OBJC_ARC = YES;
				CLANG_WARN_BLOCK_CAPTURE_AUTORELEASING = YES;
				CLANG_WARN_BOOL_CONVERSION = YES;
				CLANG_WARN_COMMA = YES;
				CLANG_WARN_CONSTANT_CONVERSION = YES;
				CLANG_WARN_DIRECT_OBJC_ISA_USAGE = YES_ERROR;
				CLANG_WARN_DOCUMENTATION_COMMENTS = YES;
				CLANG_WARN_EMPTY_BODY = YES;
				CLANG_WARN_ENUM_CONVERSION = YES;
				CLANG_WARN_INFINITE_RECURSION = YES;
				CLANG_WARN_INT_CONVERSION = YES;
				CLANG_WARN_NON_LITERAL_NULL_CONVERSION = YES;
				CLANG_WARN_OBJC_LITERAL_CONVERSION = YES;
				CLANG_WARN_OBJC_ROOT_CLASS = YES_ERROR;
				CLANG_WARN_RANGE_LOOP_ANALYSIS = YES;
				CLANG_WARN_STRICT_PROTOTYPES = YES;
				CLANG_WARN_SUSPICIOUS_MOVE = YES;
				CLANG_WARN_UNGUARDED_AVAILABILITY = YES_AGGRESSIVE;
				CLANG_WARN_UNREACHABLE_CODE = YES;
				CLANG_WARN__DUPLICATE_METHOD_MATCH = YES;
				CODE_SIGN_IDENTITY = "iPhone Developer";
				COPY_PHASE_STRIP = NO;
				DEBUG_INFORMATION_FORMAT = "dwarf-with-dsym";
				ENABLE_NS_ASSERTIONS = NO;
				ENABLE_STRICT_OBJC_MSGSEND = YES;
				GCC_C_LANGUAGE_STANDARD = gnu11;
				GCC_NO_COMMON_BLOCKS = YES;
				GCC_WARN_64_TO_32_BIT_CONVERSION = YES;
				GCC_WARN_ABOUT_RETURN_TYPE = YES_ERROR;
				GCC_WARN_UNDECLARED_SELECTOR = YES;
				GCC_WARN_UNINITIALIZED_AUTOS = YES_AGGRESSIVE;
				GCC_WARN_UNUSED_FUNCTION = YES;
				GCC_WARN_UNUSED_VARIABLE = YES;
				IPHONEOS_DEPLOYMENT_TARGET = 11.2;
				MTL_ENABLE_DEBUG_INFO = NO;
				SDKROOT = iphoneos;
				VALIDATE_PRODUCT = YES;
			};
			name = Release;
		};
		1C23B7E9204402BC00B14977 /* Debug */ = {
			isa = XCBuildConfiguration;
			buildSettings = {
				ASSETCATALOG_COMPILER_APPICON_NAME = AppIcon;
				CODE_SIGN_STYLE = Automatic;
				DEVELOPMENT_TEAM = PNQSRNMX9W;
				ENABLE_STRICT_OBJC_MSGSEND = NO;
				INFOPLIST_FILE = KVODemo/Info.plist;
				LD_RUNPATH_SEARCH_PATHS = "$(inherited) @executable_path/Frameworks";
				PRODUCT_BUNDLE_IDENTIFIER = "---rp.wang.KVODemo";
				PRODUCT_NAME = "$(TARGET_NAME)";
				TARGETED_DEVICE_FAMILY = "1,2";
			};
			name = Debug;
		};
		1C23B7EA204402BC00B14977 /* Release */ = {
			isa = XCBuildConfiguration;
			buildSettings = {
				ASSETCATALOG_COMPILER_APPICON_NAME = AppIcon;
				CODE_SIGN_STYLE = Automatic;
				DEVELOPMENT_TEAM = PNQSRNMX9W;
				ENABLE_STRICT_OBJC_MSGSEND = NO;
				INFOPLIST_FILE = KVODemo/Info.plist;
				LD_RUNPATH_SEARCH_PATHS = "$(inherited) @executable_path/Frameworks";
				PRODUCT_BUNDLE_IDENTIFIER = "---rp.wang.KVODemo";
				PRODUCT_NAME = "$(TARGET_NAME)";
				TARGETED_DEVICE_FAMILY = "1,2";
			};
			name = Release;
		};
/* End XCBuildConfiguration section */

/* Begin XCConfigurationList section */
		1C23B7B7204402BC00B14977 /* Build configuration list for PBXProject "KVODemo" */ = {
			isa = XCConfigurationList;
			buildConfigurations = (
				1C23B7E6204402BC00B14977 /* Debug */,
				1C23B7E7204402BC00B14977 /* Release */,
			);
			defaultConfigurationIsVisible = 0;
			defaultConfigurationName = Release;
		};
		1C23B7E8204402BC00B14977 /* Build configuration list for PBXNativeTarget "KVODemo" */ = {
			isa = XCConfigurationList;
			buildConfigurations = (
				1C23B7E9204402BC00B14977 /* Debug */,
				1C23B7EA204402BC00B14977 /* Release */,
			);
			defaultConfigurationIsVisible = 0;
			defaultConfigurationName = Release;
		};
/* End XCConfigurationList section */
	};
	rootObject = 1C23B7B4204402BC00B14977 /* Project object */;
}
